
Microsoft Visual Studio Solution File, Format Version 12.00
# Visual Studio 14
VisualStudioVersion = 14.0.23107.0
MinimumVisualStudioVersion = 10.0.40219.1
Project("{FAE04EC0-301F-11D3-BF4B-00C04F79EFBC}") = "OnADifferentNote", "OnADifferentNote\OnADifferentNote.csproj", "{A805E439-8962-4B29-94C8-D38932B36F93}"
EndProject
Project("{00D1A9C2-B5F0-4AF3-8072-F6C62B433612}") = "OnADifferentNoteDb", "OnADifferentNoteDb\OnADifferentNoteDb.sqlproj", "{1209A250-0FF8-4FAC-A0A6-8FAACD063C32}"
EndProject
Global
	GlobalSection(SolutionConfigurationPlatforms) = preSolution
		Debug|Any CPU = Debug|Any CPU
		Release|Any CPU = Release|Any CPU
	EndGlobalSection
	GlobalSection(ProjectConfigurationPlatforms) = postSolution
		{A805E439-8962-4B29-94C8-D38932B36F93}.Debug|Any CPU.ActiveCfg = Debug|Any CPU
		{A805E439-8962-4B29-94C8-D38932B36F93}.Debug|Any CPU.Build.0 = Debug|Any CPU
		{A805E439-8962-4B29-94C8-D38932B36F93}.Release|Any CPU.ActiveCfg = Release|Any CPU
		{A805E439-8962-4B29-94C8-D38932B36F93}.Release|Any CPU.Build.0 = Release|Any CPU
		{1209A250-0FF8-4FAC-A0A6-8FAACD063C32}.Debug|Any CPU.ActiveCfg = Debug|Any CPU
		{1209A250-0FF8-4FAC-A0A6-8FAACD063C32}.Debug|Any CPU.Build.0 = Debug|Any CPU
		{1209A250-0FF8-4FAC-A0A6-8FAACD063C32}.Debug|Any CPU.Deploy.0 = Debug|Any CPU
		{1209A250-0FF8-4FAC-A0A6-8FAACD063C32}.Release|Any CPU.ActiveCfg = Release|Any CPU
		{1209A250-0FF8-4FAC-A0A6-8FAACD063C32}.Release|Any CPU.Build.0 = Release|Any CPU
		{1209A250-0FF8-4FAC-A0A6-8FAACD063C32}.Release|Any CPU.Deploy.0 = Release|Any CPU
	EndGlobalSection
	GlobalSection(SolutionProperties) = preSolution
		HideSolutionNode = FALSE
	EndGlobalSection
EndGlobal
